Microsoft Visual Studio Solution File, Format Version 12.00
# Visual Studio Version 17
VisualStudioVersion = 17.5.2.0
MinimumVisualStudioVersion = 10.0.40219.1
Project("{FAE04EC0-301F-11D3-BF4B-00C04F79EFBC}") = "ZoneTester", "ZoneTester.csproj", "{D4472401-F7E2-EE98-C9A9-5DD9EFED432A}"
EndProject
Global
	GlobalSection(SolutionConfigurationPlatforms) = preSolution
		Debug|Any CPU = Debug|Any CPU
		Release|Any CPU = Release|Any CPU
	EndGlobalSection
	GlobalSection(ProjectConfigurationPlatforms) = postSolution
		{D4472401-F7E2-EE98-C9A9-5DD9EFED432A}.Debug|Any CPU.ActiveCfg = Debug|Any CPU
		{D4472401-F7E2-EE98-C9A9-5DD9EFED432A}.Debug|Any CPU.Build.0 = Debug|Any CPU
		{D4472401-F7E2-EE98-C9A9-5DD9EFED432A}.Release|Any CPU.ActiveCfg = Release|Any CPU
		{D4472401-F7E2-EE98-C9A9-5DD9EFED432A}.Release|Any CPU.Build.0 = Release|Any CPU
	EndGlobalSection
	GlobalSection(SolutionProperties) = preSolution
		HideSolutionNode = FALSE
	EndGlobalSection
	GlobalSection(ExtensibilityGlobals) = postSolution
		SolutionGuid = {4D64DE3A-C86B-45A8-87F8-FEC1C703EAD8}
	EndGlobalSection
EndGlobal
